// !$*UTF8*$!
{
	archiveVersion = 1;
	classes = {
	};
	objectVersion = 46;
	objects = {

/* Begin PBXBuildFile section */
		9407864D1A1AC2A10078C7E7 /* KeyPositionController.m in Sources */ = {isa = PBXBuildFile; fileRef = 9407864C1A1AC2A10078C7E7 /* KeyPositionController.m */; };
		9455FAC41A1BE762001CFCE2 /* KeyController.m in Sources */ = {isa = PBXBuildFile; fileRef = 9455FAC31A1BE762001CFCE2 /* KeyController.m */; };
		94F9B9A519F08E6600F47B35 /* main.m in Sources */ = {isa = PBXBuildFile; fileRef = 94F9B9A419F08E6600F47B35 /* main.m */; };
		94F9B9A819F08E6600F47B35 /* AppDelegate.m in Sources */ = {isa = PBXBuildFile; fileRef = 94F9B9A719F08E6600F47B35 /* AppDelegate.m */; };
		94F9B9AB19F08E6600F47B35 /* FirstViewController.m in Sources */ = {isa = PBXBuildFile; fileRef = 94F9B9AA19F08E6600F47B35 /* FirstViewController.m */; };
		94F9B9AE19F08E6600F47B35 /* SecondViewController.m in Sources */ = {isa = PBXBuildFile; fileRef = 94F9B9AD19F08E6600F47B35 /* SecondViewController.m */; };
		94F9B9B119F08E6600F47B35 /* Main.storyboard in Resources */ = {isa = PBXBuildFile; fileRef = 94F9B9AF19F08E6600F47B35 /* Main.storyboard */; };
		94F9B9B319F08E6600F47B35 /* Images.xcassets in Resources */ = {isa = PBXBuildFile; fileRef = 94F9B9B219F08E6600F47B35 /* Images.xcassets */; };
		94F9B9B619F08E6600F47B35 /* LaunchScreen.xib in Resources */ = {isa = PBXBuildFile; fileRef = 94F9B9B419F08E6600F47B35 /* LaunchScreen.xib */; };
		94F9B9C219F08E6600F47B35 /* ExperimentalKeyboardTests.m in Sources */ = {isa = PBXBuildFile; fileRef = 94F9B9C119F08E6600F47B35 /* ExperimentalKeyboardTests.m */; };
		94F9B9D519F08EA300F47B35 /* KeyboardViewController.m in Sources */ = {isa = PBXBuildFile; fileRef = 94F9B9D419F08EA300F47B35 /* KeyboardViewController.m */; };
		94F9B9D819F08EA300F47B35 /* Keyboard.appex in Embed App Extensions */ = {isa = PBXBuildFile; fileRef = 94F9B9CF19F08EA300F47B35 /* Keyboard.appex */; settings = {ATTRIBUTES = (RemoveHeadersOnCopy, ); }; };
		94F9B9E119F090FC00F47B35 /* KeyView.m in Sources */ = {isa = PBXBuildFile; fileRef = 94F9B9E019F090FC00F47B35 /* KeyView.m */; };
/* End PBXBuildFile section */

/* Begin PBXContainerItemProxy section */
		94F9B9BC19F08E6600F47B35 /* PBXContainerItemProxy */ = {
			isa = PBXContainerItemProxy;
			containerPortal = 94F9B99719F08E6600F47B35 /* Project object */;
			proxyType = 1;
			remoteGlobalIDString = 94F9B99E19F08E6600F47B35;
			remoteInfo = ExperimentalKeyboard;
		};
		94F9B9D619F08EA300F47B35 /* PBXContainerItemProxy */ = {
			isa = PBXContainerItemProxy;
			containerPortal = 94F9B99719F08E6600F47B35 /* Project object */;
			proxyType = 1;
			remoteGlobalIDString = 94F9B9CE19F08EA300F47B35;
			remoteInfo = Keyboard;
		};
		94F9B9D919F08EA300F47B35 /* PBXContainerItemProxy */ = {
			isa = PBXContainerItemProxy;
			containerPortal = 94F9B99719F08E6600F47B35 /* Project object */;
			proxyType = 1;
			remoteGlobalIDString = 94F9B9CE19F08EA300F47B35;
			remoteInfo = Keyboard;
		};
/* End PBXContainerItemProxy section */

/* Begin PBXCopyFilesBuildPhase section */
		94F9B9DE19F08EA300F47B35 /* Embed App Extensions */ = {
			isa = PBXCopyFilesBuildPhase;
			buildActionMask = 2147483647;
			dstPath = "";
			dstSubfolderSpec = 13;
			files = (
				94F9B9D819F08EA300F47B35 /* Keyboard.appex in Embed App Extensions */,
			);
			name = "Embed App Extensions";
			runOnlyForDeploymentPostprocessing = 0;
		};
/* End PBXCopyFilesBuildPhase section */

/* Begin PBXFileReference section */
		9407864B1A1AC2A10078C7E7 /* KeyPositionController.h */ = {isa = PBXFileReference; fileEncoding = 4; lastKnownFileType = sourcecode.c.h; path = KeyPositionController.h; sourceTree = "<group>"; };
		9407864C1A1AC2A10078C7E7 /* KeyPositionController.m */ = {isa = PBXFileReference; fileEncoding = 4; lastKnownFileType = sourcecode.c.objc; path = KeyPositionController.m; sourceTree = "<group>"; };
		9455FAC21A1BE762001CFCE2 /* KeyController.h */ = {isa = PBXFileReference; fileEncoding = 4; lastKnownFileType = sourcecode.c.h; path = KeyController.h; sourceTree = "<group>"; };
		9455FAC31A1BE762001CFCE2 /* KeyController.m */ = {isa = PBXFileReference; fileEncoding = 4; lastKnownFileType = sourcecode.c.objc; path = KeyController.m; sourceTree = "<group>"; };
		94F9B99F19F08E6600F47B35 /* ExperimentalKeyboard.app */ = {isa = PBXFileReference; explicitFileType = wrapper.application; includeInIndex = 0; path = ExperimentalKeyboard.app; sourceTree = BUILT_PRODUCTS_DIR; };
		94F9B9A319F08E6600F47B35 /* Info.plist */ = {isa = PBXFileReference; lastKnownFileType = text.plist.xml; path = Info.plist; sourceTree = "<group>"; };
		94F9B9A419F08E6600F47B35 /* main.m */ = {isa = PBXFileReference; lastKnownFileType = sourcecode.c.objc; path = main.m; sourceTree = "<group>"; };
		94F9B9A619F08E6600F47B35 /* AppDelegate.h */ = {isa = PBXFileReference; lastKnownFileType = sourcecode.c.h; path = AppDelegate.h; sourceTree = "<group>"; };
		94F9B9A719F08E6600F47B35 /* AppDelegate.m */ = {isa = PBXFileReference; lastKnownFileType = sourcecode.c.objc; path = AppDelegate.m; sourceTree = "<group>"; };
		94F9B9A919F08E6600F47B35 /* FirstViewController.h */ = {isa = PBXFileReference; lastKnownFileType = sourcecode.c.h; path = FirstViewController.h; sourceTree = "<group>"; };
		94F9B9AA19F08E6600F47B35 /* FirstViewController.m */ = {isa = PBXFileReference; lastKnownFileType = sourcecode.c.objc; path = FirstViewController.m; sourceTree = "<group>"; };
		94F9B9AC19F08E6600F47B35 /* SecondViewController.h */ = {isa = PBXFileReference; lastKnownFileType = sourcecode.c.h; path = SecondViewController.h; sourceTree = "<group>"; };
		94F9B9AD19F08E6600F47B35 /* SecondViewController.m */ = {isa = PBXFileReference; lastKnownFileType = sourcecode.c.objc; path = SecondViewController.m; sourceTree = "<group>"; };
		94F9B9B019F08E6600F47B35 /* Base */ = {isa = PBXFileReference; lastKnownFileType = file.storyboard; name = Base; path = Base.lproj/Main.storyboard; sourceTree = "<group>"; };
		94F9B9B219F08E6600F47B35 /* Images.xcassets */ = {isa = PBXFileReference; lastKnownFileType = folder.assetcatalog; path = Images.xcassets; sourceTree = "<group>"; };
		94F9B9B519F08E6600F47B35 /* Base */ = {isa = PBXFileReference; lastKnownFileType = file.xib; name = Base; path = Base.lproj/LaunchScreen.xib; sourceTree = "<group>"; };
		94F9B9BB19F08E6600F47B35 /* ExperimentalKeyboardTests.xctest */ = {isa = PBXFileReference; explicitFileType = wrapper.cfbundle; includeInIndex = 0; path = ExperimentalKeyboardTests.xctest; sourceTree = BUILT_PRODUCTS_DIR; };
		94F9B9C019F08E6600F47B35 /* Info.plist */ = {isa = PBXFileReference; lastKnownFileType = text.plist.xml; path = Info.plist; sourceTree = "<group>"; };
		94F9B9C119F08E6600F47B35 /* ExperimentalKeyboardTests.m */ = {isa = PBXFileReference; lastKnownFileType = sourcecode.c.objc; path = ExperimentalKeyboardTests.m; sourceTree = "<group>"; };
		94F9B9CF19F08EA300F47B35 /* Keyboard.appex */ = {isa = PBXFileReference; explicitFileType = "wrapper.app-extension"; includeInIndex = 0; path = Keyboard.appex; sourceTree = BUILT_PRODUCTS_DIR; };
		94F9B9D219F08EA300F47B35 /* Info.plist */ = {isa = PBXFileReference; lastKnownFileType = text.plist.xml; path = Info.plist; sourceTree = "<group>"; };
		94F9B9D319F08EA300F47B35 /* KeyboardViewController.h */ = {isa = PBXFileReference; lastKnownFileType = sourcecode.c.h; path = KeyboardViewController.h; sourceTree = "<group>"; };
		94F9B9D419F08EA300F47B35 /* KeyboardViewController.m */ = {isa = PBXFileReference; lastKnownFileType = sourcecode.c.objc; path = KeyboardViewController.m; sourceTree = "<group>"; };
		94F9B9DF19F090FC00F47B35 /* KeyView.h */ = {isa = PBXFileReference; fileEncoding = 4; lastKnownFileType = sourcecode.c.h; path = KeyView.h; sourceTree = "<group>"; };
		94F9B9E019F090FC00F47B35 /* KeyView.m */ = {isa = PBXFileReference; fileEncoding = 4; lastKnownFileType = sourcecode.c.objc; path = KeyView.m; sourceTree = "<group>"; };
/* End PBXFileReference section */

/* Begin PBXFrameworksBuildPhase section */
		94F9B99C19F08E6600F47B35 /* Frameworks */ = {
			isa = PBXFrameworksBuildPhase;
			buildActionMask = 2147483647;
			files = (
			);
			runOnlyForDeploymentPostprocessing = 0;
		};
		94F9B9B819F08E6600F47B35 /* Frameworks */ = {
			isa = PBXFrameworksBuildPhase;
			buildActionMask = 2147483647;
			files = (
			);
			runOnlyForDeploymentPostprocessing = 0;
		};
		94F9B9CC19F08EA300F47B35 /* Frameworks */ = {
			isa = PBXFrameworksBuildPhase;
			buildActionMask = 2147483647;
			files = (
			);
			runOnlyForDeploymentPostprocessing = 0;
		};
/* End PBXFrameworksBuildPhase section */

/* Begin PBXGroup section */
		94F9B99619F08E6600F47B35 = {
			isa = PBXGroup;
			children = (
				94F9B9A119F08E6600F47B35 /* ExperimentalKeyboard */,
				94F9B9BE19F08E6600F47B35 /* ExperimentalKeyboardTests */,
				94F9B9D019F08EA300F47B35 /* Keyboard */,
				94F9B9A019F08E6600F47B35 /* Products */,
			);
			sourceTree = "<group>";
		};
		94F9B9A019F08E6600F47B35 /* Products */ = {
			isa = PBXGroup;
			children = (
				94F9B99F19F08E6600F47B35 /* ExperimentalKeyboard.app */,
				94F9B9BB19F08E6600F47B35 /* ExperimentalKeyboardTests.xctest */,
				94F9B9CF19F08EA300F47B35 /* Keyboard.appex */,
			);
			name = Products;
			sourceTree = "<group>";
		};
		94F9B9A119F08E6600F47B35 /* ExperimentalKeyboard */ = {
			isa = PBXGroup;
			children = (
				94F9B9A619F08E6600F47B35 /* AppDelegate.h */,
				94F9B9A719F08E6600F47B35 /* AppDelegate.m */,
				94F9B9A919F08E6600F47B35 /* FirstViewController.h */,
				94F9B9AA19F08E6600F47B35 /* FirstViewController.m */,
				94F9B9AC19F08E6600F47B35 /* SecondViewController.h */,
				94F9B9AD19F08E6600F47B35 /* SecondViewController.m */,
				94F9B9AF19F08E6600F47B35 /* Main.storyboard */,
				94F9B9B219F08E6600F47B35 /* Images.xcassets */,
				94F9B9B419F08E6600F47B35 /* LaunchScreen.xib */,
				94F9B9A219F08E6600F47B35 /* Supporting Files */,
			);
			path = ExperimentalKeyboard;
			sourceTree = "<group>";
		};
		94F9B9A219F08E6600F47B35 /* Supporting Files */ = {
			isa = PBXGroup;
			children = (
				94F9B9A319F08E6600F47B35 /* Info.plist */,
				94F9B9A419F08E6600F47B35 /* main.m */,
			);
			name = "Supporting Files";
			sourceTree = "<group>";
		};
		94F9B9BE19F08E6600F47B35 /* ExperimentalKeyboardTests */ = {
			isa = PBXGroup;
			children = (
				94F9B9C119F08E6600F47B35 /* ExperimentalKeyboardTests.m */,
				94F9B9BF19F08E6600F47B35 /* Supporting Files */,
			);
			path = ExperimentalKeyboardTests;
			sourceTree = "<group>";
		};
		94F9B9BF19F08E6600F47B35 /* Supporting Files */ = {
			isa = PBXGroup;
			children = (
				94F9B9C019F08E6600F47B35 /* Info.plist */,
			);
			name = "Supporting Files";
			sourceTree = "<group>";
		};
		94F9B9D019F08EA300F47B35 /* Keyboard */ = {
			isa = PBXGroup;
			children = (
				94F9B9D319F08EA300F47B35 /* KeyboardViewController.h */,
				94F9B9D419F08EA300F47B35 /* KeyboardViewController.m */,
				94F9B9D119F08EA300F47B35 /* Supporting Files */,
				94F9B9DF19F090FC00F47B35 /* KeyView.h */,
				94F9B9E019F090FC00F47B35 /* KeyView.m */,
				9455FAC21A1BE762001CFCE2 /* KeyController.h */,
				9455FAC31A1BE762001CFCE2 /* KeyController.m */,
				9407864B1A1AC2A10078C7E7 /* KeyPositionController.h */,
				9407864C1A1AC2A10078C7E7 /* KeyPositionController.m */,
			);
			path = Keyboard;
			sourceTree = "<group>";
		};
		94F9B9D119F08EA300F47B35 /* Supporting Files */ = {
			isa = PBXGroup;
			children = (
				94F9B9D219F08EA300F47B35 /* Info.plist */,
			);
			name = "Supporting Files";
			sourceTree = "<group>";
		};
/* End PBXGroup section */

/* Begin PBXNativeTarget section */
		94F9B99E19F08E6600F47B35 /* ExperimentalKeyboard */ = {
			isa = PBXNativeTarget;
			buildConfigurationList = 94F9B9C519F08E6600F47B35 /* Build configuration list for PBXNativeTarget "ExperimentalKeyboard" */;
			buildPhases = (
				94F9B99B19F08E6600F47B35 /* Sources */,
				94F9B99C19F08E6600F47B35 /* Frameworks */,
				94F9B99D19F08E6600F47B35 /* Resources */,
				94F9B9DE19F08EA300F47B35 /* Embed App Extensions */,
			);
			buildRules = (
			);
			dependencies = (
				94F9B9D719F08EA300F47B35 /* PBXTargetDependency */,
				94F9B9DA19F08EA300F47B35 /* PBXTargetDependency */,
			);
			name = ExperimentalKeyboard;
			productName = ExperimentalKeyboard;
			productReference = 94F9B99F19F08E6600F47B35 /* ExperimentalKeyboard.app */;
			productType = "com.apple.product-type.application";
		};
		94F9B9BA19F08E6600F47B35 /* ExperimentalKeyboardTests */ = {
			isa = PBXNativeTarget;
			buildConfigurationList = 94F9B9C819F08E6600F47B35 /* Build configuration list for PBXNativeTarget "ExperimentalKeyboardTests" */;
			buildPhases = (
				94F9B9B719F08E6600F47B35 /* Sources */,
				94F9B9B819F08E6600F47B35 /* Frameworks */,
				94F9B9B919F08E6600F47B35 /* Resources */,
			);
			buildRules = (
			);
			dependencies = (
				94F9B9BD19F08E6600F47B35 /* PBXTargetDependency */,
			);
			name = ExperimentalKeyboardTests;
			productName = ExperimentalKeyboardTests;
			productReference = 94F9B9BB19F08E6600F47B35 /* ExperimentalKeyboardTests.xctest */;
			productType = "com.apple.product-type.bundle.unit-test";
		};
		94F9B9CE19F08EA300F47B35 /* Keyboard */ = {
			isa = PBXNativeTarget;
			buildConfigurationList = 94F9B9DB19F08EA300F47B35 /* Build configuration list for PBXNativeTarget "Keyboard" */;
			buildPhases = (
				94F9B9CB19F08EA300F47B35 /* Sources */,
				94F9B9CC19F08EA300F47B35 /* Frameworks */,
				94F9B9CD19F08EA300F47B35 /* Resources */,
			);
			buildRules = (
			);
			dependencies = (
			);
			name = Keyboard;
			productName = Keyboard;
			productReference = 94F9B9CF19F08EA300F47B35 /* Keyboard.appex */;
			productType = "com.apple.product-type.app-extension";
		};
/* End PBXNativeTarget section */

/* Begin PBXProject section */
		94F9B99719F08E6600F47B35 /* Project object */ = {
			isa = PBXProject;
			attributes = {
				LastUpgradeCheck = 0600;
				ORGANIZATIONNAME = "Flairify LLC";
				TargetAttributes = {
					94F9B99E19F08E6600F47B35 = {
						CreatedOnToolsVersion = 6.0.1;
					};
					94F9B9BA19F08E6600F47B35 = {
						CreatedOnToolsVersion = 6.0.1;
						TestTargetID = 94F9B99E19F08E6600F47B35;
					};
					94F9B9CE19F08EA300F47B35 = {
						CreatedOnToolsVersion = 6.0.1;
					};
				};
			};
			buildConfigurationList = 94F9B99A19F08E6600F47B35 /* Build configuration list for PBXProject "ExperimentalKeyboard" */;
			compatibilityVersion = "Xcode 3.2";
			developmentRegion = English;
			hasScannedForEncodings = 0;
			knownRegions = (
				en,
				Base,
			);
			mainGroup = 94F9B99619F08E6600F47B35;
			productRefGroup = 94F9B9A019F08E6600F47B35 /* Products */;
			projectDirPath = "";
			projectRoot = "";
			targets = (
				94F9B99E19F08E6600F47B35 /* ExperimentalKeyboard */,
				94F9B9BA19F08E6600F47B35 /* ExperimentalKeyboardTests */,
				94F9B9CE19F08EA300F47B35 /* Keyboard */,
			);
		};
/* End PBXProject section */

/* Begin PBXResourcesBuildPhase section */
		94F9B99D19F08E6600F47B35 /* Resources */ = {
			isa = PBXResourcesBuildPhase;
			buildActionMask = 2147483647;
			files = (
				94F9B9B119F08E6600F47B35 /* Main.storyboard in Resources */,
				94F9B9B619F08E6600F47B35 /* LaunchScreen.xib in Resources */,
				94F9B9B319F08E6600F47B35 /* Images.xcassets in Resources */,
			);
			runOnlyForDeploymentPostprocessing = 0;
		};
		94F9B9B919F08E6600F47B35 /* Resources */ = {
			isa = PBXResourcesBuildPhase;
			buildActionMask = 2147483647;
			files = (
			);
			runOnlyForDeploymentPostprocessing = 0;
		};
		94F9B9CD19F08EA300F47B35 /* Resources */ = {
			isa = PBXResourcesBuildPhase;
			buildActionMask = 2147483647;
			files = (
			);
			runOnlyForDeploymentPostprocessing = 0;
		};
/* End PBXResourcesBuildPhase section */

/* Begin PBXSourcesBuildPhase section */
		94F9B99B19F08E6600F47B35 /* Sources */ = {
			isa = PBXSourcesBuildPhase;
			buildActionMask = 2147483647;
			files = (
				94F9B9AE19F08E6600F47B35 /* SecondViewController.m in Sources */,
				94F9B9A819F08E6600F47B35 /* AppDelegate.m in Sources */,
				94F9B9AB19F08E6600F47B35 /* FirstViewController.m in Sources */,
				94F9B9A519F08E6600F47B35 /* main.m in Sources */,
			);
			runOnlyForDeploymentPostprocessing = 0;
		};
		94F9B9B719F08E6600F47B35 /* Sources */ = {
			isa = PBXSourcesBuildPhase;
			buildActionMask = 2147483647;
			files = (
				94F9B9C219F08E6600F47B35 /* ExperimentalKeyboardTests.m in Sources */,
			);
			runOnlyForDeploymentPostprocessing = 0;
		};
		94F9B9CB19F08EA300F47B35 /* Sources */ = {
			isa = PBXSourcesBuildPhase;
			buildActionMask = 2147483647;
			files = (
				94F9B9E119F090FC00F47B35 /* KeyView.m in Sources */,
				9407864D1A1AC2A10078C7E7 /* KeyPositionController.m in Sources */,
				94F9B9D519F08EA300F47B35 /* KeyboardViewController.m in Sources */,
				9455FAC41A1BE762001CFCE2 /* KeyController.m in Sources */,
			);
			runOnlyForDeploymentPostprocessing = 0;
		};
/* End PBXSourcesBuildPhase section */

/* Begin PBXTargetDependency section */
		94F9B9BD19F08E6600F47B35 /* PBXTargetDependency */ = {
			isa = PBXTargetDependency;
			target = 94F9B99E19F08E6600F47B35 /* ExperimentalKeyboard */;
			targetProxy = 94F9B9BC19F08E6600F47B35 /* PBXContainerItemProxy */;
		};
		94F9B9D719F08EA300F47B35 /* PBXTargetDependency */ = {
			isa = PBXTargetDependency;
			target = 94F9B9CE19F08EA300F47B35 /* Keyboard */;
			targetProxy = 94F9B9D619F08EA300F47B35 /* PBXContainerItemProxy */;
		};
		94F9B9DA19F08EA300F47B35 /* PBXTargetDependency */ = {
			isa = PBXTargetDependency;
			target = 94F9B9CE19F08EA300F47B35 /* Keyboard */;
			targetProxy = 94F9B9D919F08EA300F47B35 /* PBXContainerItemProxy */;
		};
/* End PBXTargetDependency section */

/* Begin PBXVariantGroup section */
		94F9B9AF19F08E6600F47B35 /* Main.storyboard */ = {
			isa = PBXVariantGroup;
			children = (
				94F9B9B019F08E6600F47B35 /* Base */,
			);
			name = Main.storyboard;
			sourceTree = "<group>";
		};
		94F9B9B419F08E6600F47B35 /* LaunchScreen.xib */ = {
			isa = PBXVariantGroup;
			children = (
				94F9B9B519F08E6600F47B35 /* Base */,
			);
			name = LaunchScreen.xib;
			sourceTree = "<group>";
		};
/* End PBXVariantGroup section */

/* Begin XCBuildConfiguration section */
		94F9B9C319F08E6600F47B35 /* Debug */ = {
			isa = XCBuildConfiguration;
			buildSettings = {
				ALWAYS_SEARCH_USER_PATHS = NO;
				CLANG_CXX_LANGUAGE_STANDARD = "gnu++0x";
				CLANG_CXX_LIBRARY = "libc++";
				CLANG_ENABLE_MODULES = YES;
				CLANG_ENABLE_OBJC_ARC = YES;
				CLANG_WARN_BOOL_CONVERSION = YES;
				CLANG_WARN_CONSTANT_CONVERSION = YES;
				CLANG_WARN_DIRECT_OBJC_ISA_USAGE = YES_ERROR;
				CLANG_WARN_EMPTY_BODY = YES;
				CLANG_WARN_ENUM_CONVERSION = YES;
				CLANG_WARN_INT_CONVERSION = YES;
				CLANG_WARN_OBJC_ROOT_CLASS = YES_ERROR;
				CLANG_WARN_UNREACHABLE_CODE = YES;
				CLANG_WARN__DUPLICATE_METHOD_MATCH = YES;
				"CODE_SIGN_IDENTITY[sdk=iphoneos*]" = "iPhone Developer";
				COPY_PHASE_STRIP = NO;
				ENABLE_STRICT_OBJC_MSGSEND = YES;
				GCC_C_LANGUAGE_STANDARD = gnu99;
				GCC_DYNAMIC_NO_PIC = NO;
				GCC_OPTIMIZATION_LEVEL = 0;
				GCC_PREPROCESSOR_DEFINITIONS = (
					"DEBUG=1",
					"$(inherited)",
				);
				GCC_SYMBOLS_PRIVATE_EXTERN = NO;
				GCC_WARN_64_TO_32_BIT_CONVERSION = YES;
				GCC_WARN_ABOUT_RETURN_TYPE = YES_ERROR;
				GCC_WARN_UNDECLARED_SELECTOR = YES;
				GCC_WARN_UNINITIALIZED_AUTOS = YES_AGGRESSIVE;
				GCC_WARN_UNUSED_FUNCTION = YES;
				GCC_WARN_UNUSED_VARIABLE = YES;
				IPHONEOS_DEPLOYMENT_TARGET = 8.0;
				MTL_ENABLE_DEBUG_INFO = YES;
				ONLY_ACTIVE_ARCH = YES;
				SDKROOT = iphoneos;
				TARGETED_DEVICE_FAMILY = "1,2";
			};
			name = Debug;
		};
		94F9B9C419F08E6600F47B35 /* Release */ = {
			isa = XCBuildConfiguration;
			buildSettings = {
				ALWAYS_SEARCH_USER_PATHS = NO;
				CLANG_CXX_LANGUAGE_STANDARD = "gnu++0x";
				CLANG_CXX_LIBRARY = "libc++";
				CLANG_ENABLE_MODULES = YES;
				CLANG_ENABLE_OBJC_ARC = YES;
				CLANG_WARN_BOOL_CONVERSION = YES;
				CLANG_WARN_CONSTANT_CONVERSION = YES;
				CLANG_WARN_DIRECT_OBJC_ISA_USAGE = YES_ERROR;
				CLANG_WARN_EMPTY_BODY = YES;
				CLANG_WARN_ENUM_CONVERSION = YES;
				CLANG_WARN_INT_CONVERSION = YES;
				CLANG_WARN_OBJC_ROOT_CLASS = YES_ERROR;
				CLANG_WARN_UNREACHABLE_CODE = YES;
				CLANG_WARN__DUPLICATE_METHOD_MATCH = YES;
				"CODE_SIGN_IDENTITY[sdk=iphoneos*]" = "iPhone Developer";
				COPY_PHASE_STRIP = YES;
				ENABLE_NS_ASSERTIONS = NO;
				ENABLE_STRICT_OBJC_MSGSEND = YES;
				GCC_C_LANGUAGE_STANDARD = gnu99;
				GCC_WARN_64_TO_32_BIT_CONVERSION = YES;
				GCC_WARN_ABOUT_RETURN_TYPE = YES_ERROR;
				GCC_WARN_UNDECLARED_SELECTOR = YES;
				GCC_WARN_UNINITIALIZED_AUTOS = YES_AGGRESSIVE;
				GCC_WARN_UNUSED_FUNCTION = YES;
				GCC_WARN_UNUSED_VARIABLE = YES;
				IPHONEOS_DEPLOYMENT_TARGET = 8.0;
				MTL_ENABLE_DEBUG_INFO = NO;
				SDKROOT = iphoneos;
				TARGETED_DEVICE_FAMILY = "1,2";
				VALIDATE_PRODUCT = YES;
			};
			name = Release;
		};
		94F9B9C619F08E6600F47B35 /* Debug */ = {
			isa = XCBuildConfiguration;
			buildSettings = {
				ASSETCATALOG_COMPILER_APPICON_NAME = AppIcon;
				INFOPLIST_FILE = ExperimentalKeyboard/Info.plist;
				LD_RUNPATH_SEARCH_PATHS = "$(inherited) @executable_path/Frameworks";
				PRODUCT_NAME = "$(TARGET_NAME)";
			};
			name = Debug;
		};
		94F9B9C719F08E6600F47B35 /* Release */ = {
			isa = XCBuildConfiguration;
			buildSettings = {
				ASSETCATALOG_COMPILER_APPICON_NAME = AppIcon;
				INFOPLIST_FILE = ExperimentalKeyboard/Info.plist;
				LD_RUNPATH_SEARCH_PATHS = "$(inherited) @executable_path/Frameworks";
				PRODUCT_NAME = "$(TARGET_NAME)";
			};
			name = Release;
		};
		94F9B9C919F08E6600F47B35 /* Debug */ = {
			isa = XCBuildConfiguration;
			buildSettings = {
				BUNDLE_LOADER = "$(TEST_HOST)";
				FRAMEWORK_SEARCH_PATHS = (
					"$(SDKROOT)/Developer/Library/Frameworks",
					"$(inherited)",
				);
				GCC_PREPROCESSOR_DEFINITIONS = (
					"DEBUG=1",
					"$(inherited)",
				);
				INFOPLIST_FILE = ExperimentalKeyboardTests/Info.plist;
				LD_RUNPATH_SEARCH_PATHS = "$(inherited) @executable_path/Frameworks @loader_path/Frameworks";
				PRODUCT_NAME = "$(TARGET_NAME)";
				TEST_HOST = "$(BUILT_PRODUCTS_DIR)/ExperimentalKeyboard.app/ExperimentalKeyboard";
			};
			name = Debug;
		};
		94F9B9CA19F08E6600F47B35 /* Release */ = {
			isa = XCBuildConfiguration;
			buildSettings = {
				BUNDLE_LOADER = "$(TEST_HOST)";
				FRAMEWORK_SEARCH_PATHS = (
					"$(SDKROOT)/Developer/Library/Frameworks",
					"$(inherited)",
				);
				INFOPLIST_FILE = ExperimentalKeyboardTests/Info.plist;
				LD_RUNPATH_SEARCH_PATHS = "$(inherited) @executable_path/Frameworks @loader_path/Frameworks";
				PRODUCT_NAME = "$(TARGET_NAME)";
				TEST_HOST = "$(BUILT_PRODUCTS_DIR)/ExperimentalKeyboard.app/ExperimentalKeyboard";
			};
			name = Release;
		};
		94F9B9DC19F08EA300F47B35 /* Debug */ = {
			isa = XCBuildConfiguration;
			buildSettings = {
				GCC_PREPROCESSOR_DEFINITIONS = (
					"DEBUG=1",
					"$(inherited)",
				);
				INFOPLIST_FILE = Keyboard/Info.plist;
				LD_RUNPATH_SEARCH_PATHS = "$(inherited) @executable_path/Frameworks @executable_path/../../Frameworks";
				PRODUCT_NAME = "$(TARGET_NAME)";
				SKIP_INSTALL = YES;
			};
			name = Debug;
		};
		94F9B9DD19F08EA300F47B35 /* Release */ = {
			isa = XCBuildConfiguration;
			buildSettings = {
				INFOPLIST_FILE = Keyboard/Info.plist;
				LD_RUNPATH_SEARCH_PATHS = "$(inherited) @executable_path/Frameworks @executable_path/../../Frameworks";
				PRODUCT_NAME = "$(TARGET_NAME)";
				SKIP_INSTALL = YES;
			};
			name = Release;
		};
/* End XCBuildConfiguration section */

/* Begin XCConfigurationList section */
		94F9B99A19F08E6600F47B35 /* Build configuration list for PBXProject "ExperimentalKeyboard" */ = {
			isa = XCConfigurationList;
			buildConfigurations = (
				94F9B9C319F08E6600F47B35 /* Debug */,
				94F9B9C419F08E6600F47B35 /* Release */,
			);
			defaultConfigurationIsVisible = 0;
			defaultConfigurationName = Release;
		};
		94F9B9C519F08E6600F47B35 /* Build configuration list for PBXNativeTarget "ExperimentalKeyboard" */ = {
			isa = XCConfigurationList;
			buildConfigurations = (
				94F9B9C619F08E6600F47B35 /* Debug */,
				94F9B9C719F08E6600F47B35 /* Release */,
			);
			defaultConfigurationIsVisible = 0;
			defaultConfigurationName = Release;
		};
		94F9B9C819F08E6600F47B35 /* Build configuration list for PBXNativeTarget "ExperimentalKeyboardTests" */ = {
			isa = XCConfigurationList;
			buildConfigurations = (
				94F9B9C919F08E6600F47B35 /* Debug */,
				94F9B9CA19F08E6600F47B35 /* Release */,
			);
			defaultConfigurationIsVisible = 0;
			defaultConfigurationName = Release;
		};
		94F9B9DB19F08EA300F47B35 /* Build configuration list for PBXNativeTarget "Keyboard" */ = {
			isa = XCConfigurationList;
			buildConfigurations = (
				94F9B9DC19F08EA300F47B35 /* Debug */,
				94F9B9DD19F08EA300F47B35 /* Release */,
			);
			defaultConfigurationIsVisible = 0;
			defaultConfigurationName = Release;
		};
/* End XCConfigurationList section */
	};
	rootObject = 94F9B99719F08E6600F47B35 /* Project object */;
}
